
Microsoft Visual Studio Solution File, Format Version 12.00
# Visual Studio 15
VisualStudioVersion = 15.0.27703.2026
MinimumVisualStudioVersion = 10.0.40219.1
Project("{FAE04EC0-301F-11D3-BF4B-00C04F79EFBC}") = "CoundFlareTools", "CoundFlareTools.csproj", "{08092289-C2FD-48A5-8655-EFDE78B0780D}"
EndProject
Global
	GlobalSection(SolutionConfigurationPlatforms) = preSolution
		Debug|Any CPU = Debug|Any CPU
		Release|Any CPU = Release|Any CPU
	EndGlobalSection
	GlobalSection(ProjectConfigurationPlatforms) = postSolution
		{08092289-C2FD-48A5-8655-EFDE78B0780D}.Debug|Any CPU.ActiveCfg = Debug|Any CPU
		{08092289-C2FD-48A5-8655-EFDE78B0780D}.Debug|Any CPU.Build.0 = Debug|Any CPU
		{08092289-C2FD-48A5-8655-EFDE78B0780D}.Release|Any CPU.ActiveCfg = Release|Any CPU
		{08092289-C2FD-48A5-8655-EFDE78B0780D}.Release|Any CPU.Build.0 = Release|Any CPU
	EndGlobalSection
	GlobalSection(SolutionProperties) = preSolution
		HideSolutionNode = FALSE
	EndGlobalSection
	GlobalSection(ExtensibilityGlobals) = postSolution
		SolutionGuid = {4029329F-50A3-4DD8-AE32-0258FFF5E02F}
	EndGlobalSection
EndGlobal
